PODS:
  - AFNetworking (1.3.1)
  - libextobjc/EXTKeyPathCoding (0.2.5):
    - libextobjc/RuntimeExtensions
  - libextobjc/EXTScope (0.2.5):
    - libextobjc/RuntimeExtensions
  - libextobjc/RuntimeExtensions (0.2.5)
  - Mantle (1.1):
    - libextobjc/EXTKeyPathCoding
    - libextobjc/EXTScope
  - SVProgressHUD (0.9)

DEPENDENCIES:
  - AFNetworking
  - Mantle
  - SVProgressHUD

SPEC CHECKSUMS:
  AFNetworking: 9ec8aafb9269236a7630bd8d9838ce2ba30fa2a0
  libextobjc: 2cbc74caf8bdc74a86fdf24673f773c83424ea98
  Mantle: aba2facc6ee8f97512a94768dc57c82b7802948c
  SVProgressHUD: 03d4845ec8e64591726428a08236c6a5489d45f8

COCOAPODS: 0.20.2
